
Microsoft Visual Studio Solution File, Format Version 12.00
# Visual Studio Version 17
VisualStudioVersion = 17.9.34728.123
MinimumVisualStudioVersion = 10.0.40219.1
Project("{9A19103F-16F7-4668-BE54-9A1E7A4F7556}") = "XmlDataWrench", "XmlDataWrench\XmlDataWrench.csproj", "{0868433D-E6EA-4A78-A1BA-08E797B7755F}"
EndProject
Project("{9A19103F-16F7-4668-BE54-9A1E7A4F7556}") = "XmlDataWrenchTests", "XmlDataWrenchTests\XmlDataWrenchTests.csproj", "{D7B44444-BF16-4744-ABDF-B967CB5E528A}"
EndProject
Project("{2150E333-8FDC-42A3-9474-1A3956D46DE8}") = "Documentation", "Documentation", "{311B5384-BE43-4905-8B37-98BCE4C43596}"
	ProjectSection(SolutionItems) = preProject
		Documentation\XML Data Wrench.bpmn = Documentation\XML Data Wrench.bpmn
	EndProjectSection
EndProject
Project("{2150E333-8FDC-42A3-9474-1A3956D46DE8}") = "Solution Items", "Solution Items", "{DB7F6FE9-1E82-4E15-98A7-9EDE2553CF9A}"
	ProjectSection(SolutionItems) = preProject
		README.md = README.md
	EndProjectSection
EndProject
Global
	GlobalSection(SolutionConfigurationPlatforms) = preSolution
		Debug|Any CPU = Debug|Any CPU
		Release|Any CPU = Release|Any CPU
	EndGlobalSection
	GlobalSection(ProjectConfigurationPlatforms) = postSolution
		{0868433D-E6EA-4A78-A1BA-08E797B7755F}.Debug|Any CPU.ActiveCfg = Debug|Any CPU
		{0868433D-E6EA-4A78-A1BA-08E797B7755F}.Debug|Any CPU.Build.0 = Debug|Any CPU
		{0868433D-E6EA-4A78-A1BA-08E797B7755F}.Release|Any CPU.ActiveCfg = Release|Any CPU
		{0868433D-E6EA-4A78-A1BA-08E797B7755F}.Release|Any CPU.Build.0 = Release|Any CPU
		{D7B44444-BF16-4744-ABDF-B967CB5E528A}.Debug|Any CPU.ActiveCfg = Debug|Any CPU
		{D7B44444-BF16-4744-ABDF-B967CB5E528A}.Debug|Any CPU.Build.0 = Debug|Any CPU
		{D7B44444-BF16-4744-ABDF-B967CB5E528A}.Release|Any CPU.ActiveCfg = Release|Any CPU
		{D7B44444-BF16-4744-ABDF-B967CB5E528A}.Release|Any CPU.Build.0 = Release|Any CPU
	EndGlobalSection
	GlobalSection(SolutionProperties) = preSolution
		HideSolutionNode = FALSE
	EndGlobalSection
	GlobalSection(ExtensibilityGlobals) = postSolution
		SolutionGuid = {EDD2BB34-D7B5-454C-952D-4D09F93569CC}
	EndGlobalSection
EndGlobal
